schema: '2.0'
stages:
  scrap-oecd:
    cmd: python scripts/scrap_oecd_ai_database.py
    deps:
    - path: scripts/scrap_oecd_ai_database.py
      md5: bbde9a137353aab423e627b54f192476
      size: 1878
    outs:
    - path: data/oecd_docs/meta.csv
      md5: 6b29959be888533946a5a9836caa9c05
      size: 182747
    - path: data/oecd_docs/raw/
      md5: e95798bc3b2ee45a42e325309b826bd5.dir
      size: 203091915
      nfiles: 84
  scrap-nesta:
    cmd: python scripts/scrap_nesta_ai_database.py
    deps:
    - path: scripts/scrap_nesta_ai_database.py
      md5: 3c7cf1ff0a7a4d0dea0fe5fa3d92767c
      size: 2260
    outs:
    - path: data/nesta_ai_governance_docs/meta.csv
      md5: 3dc67b24eab575a380194ea8ffb2e80f
      size: 65235
    - path: data/nesta_ai_governance_docs/raw/
      md5: 881135d944d83c90d70503e80854c7a8.dir
      size: 229589096
      nfiles: 102
  parse-text-oecd:
    cmd: python scripts/parse_docs_to_text.py oecd
    deps:
    - path: data/oecd_docs/raw/
      md5: e95798bc3b2ee45a42e325309b826bd5.dir
      size: 203091915
      nfiles: 84
    - path: scripts/parse_docs_to_text.py
      md5: fdf241e4640e53c8d36081a7964eda80
      size: 1046
    outs:
    - path: data/oecd_docs/texts/
      md5: c5431d9156654c02670da8abbbe8db84.dir
      size: 13457505
      nfiles: 84
  parse-text-nesta:
    cmd: python scripts/parse_docs_to_text.py nesta
    deps:
    - path: data/nesta_ai_governance_docs/raw/
      md5: 881135d944d83c90d70503e80854c7a8.dir
      size: 229589096
      nfiles: 102
    - path: scripts/parse_docs_to_text.py
      md5: fdf241e4640e53c8d36081a7964eda80
      size: 1046
    outs:
    - path: data/nesta_ai_governance_docs/texts/
      md5: bdac8556ea86146fc38c20a41bc35935.dir
      size: 9142758
      nfiles: 102
